
Microsoft Visual Studio Solution File, Format Version 12.00
# Visual Studio 15
VisualStudioVersion = 15.0.28307.329
MinimumVisualStudioVersion = 10.0.40219.1
Project("{FAE04EC0-301F-11D3-BF4B-00C04F79EFBC}") = "MyBankService", "MyBankService\MyBankService.csproj", "{884AB57D-822B-44D5-B5D9-16DDF7F2EF56}"
EndProject
Project("{FAE04EC0-301F-11D3-BF4B-00C04F79EFBC}") = "BanlAccountClient", "BanlAccountClient\BanlAccountClient.csproj", "{5F84807C-0C69-4B69-8AC9-250423CEEA48}"
EndProject
Global
	GlobalSection(SolutionConfigurationPlatforms) = preSolution
		Debug|Any CPU = Debug|Any CPU
		Release|Any CPU = Release|Any CPU
	EndGlobalSection
	GlobalSection(ProjectConfigurationPlatforms) = postSolution
		{884AB57D-822B-44D5-B5D9-16DDF7F2EF56}.Debug|Any CPU.ActiveCfg = Debug|Any CPU
		{884AB57D-822B-44D5-B5D9-16DDF7F2EF56}.Debug|Any CPU.Build.0 = Debug|Any CPU
		{884AB57D-822B-44D5-B5D9-16DDF7F2EF56}.Release|Any CPU.ActiveCfg = Release|Any CPU
		{884AB57D-822B-44D5-B5D9-16DDF7F2EF56}.Release|Any CPU.Build.0 = Release|Any CPU
		{5F84807C-0C69-4B69-8AC9-250423CEEA48}.Debug|Any CPU.ActiveCfg = Debug|Any CPU
		{5F84807C-0C69-4B69-8AC9-250423CEEA48}.Debug|Any CPU.Build.0 = Debug|Any CPU
		{5F84807C-0C69-4B69-8AC9-250423CEEA48}.Release|Any CPU.ActiveCfg = Release|Any CPU
		{5F84807C-0C69-4B69-8AC9-250423CEEA48}.Release|Any CPU.Build.0 = Release|Any CPU
	EndGlobalSection
	GlobalSection(SolutionProperties) = preSolution
		HideSolutionNode = FALSE
	EndGlobalSection
	GlobalSection(ExtensibilityGlobals) = postSolution
		SolutionGuid = {24F55213-08BB-4C37-8232-794C605D1B11}
	EndGlobalSection
EndGlobal
